
Microsoft Visual Studio Solution File, Format Version 12.00
# Visual Studio Version 16
VisualStudioVersion = 16.0.29230.47
MinimumVisualStudioVersion = 10.0.40219.1
Project("{9A19103F-16F7-4668-BE54-9A1E7A4F7556}") = "MyLeassing.Common", "MyLeassing.Common\MyLeassing.Common.csproj", "{FD4FB936-107C-4AE8-83AE-D021D51C9101}"
EndProject
Project("{9A19103F-16F7-4668-BE54-9A1E7A4F7556}") = "MyLeassing.Web", "MyLeassing.Web\MyLeassing.Web.csproj", "{CC1B8584-CA62-4CE2-B81F-8DFB3F55A33F}"
EndProject
Project("{9A19103F-16F7-4668-BE54-9A1E7A4F7556}") = "MyLeassing.Prism", "MyLeassing.Prism\MyLeassing.Prism\MyLeassing.Prism.csproj", "{03DC3CDF-8BB9-4584-899B-E3419DC082FA}"
EndProject
Project("{FAE04EC0-301F-11D3-BF4B-00C04F79EFBC}") = "MyLeassing.Prism.Android", "MyLeassing.Prism\MyLeassing.Prism.Android\MyLeassing.Prism.Android.csproj", "{08EC8942-4ABA-45D7-8573-819D11611DF0}"
EndProject
Project("{FAE04EC0-301F-11D3-BF4B-00C04F79EFBC}") = "MyLeassing.Prism.iOS", "MyLeassing.Prism\MyLeassing.Prism.iOS\MyLeassing.Prism.iOS.csproj", "{016EC9F6-1931-4D4D-86DC-78D30DEC404F}"
EndProject
Project("{FAE04EC0-301F-11D3-BF4B-00C04F79EFBC}") = "MyLeassing.Desk", "MyLeassing.Desk\MyLeassing.Desk.csproj", "{077284D6-46B9-4BEE-83DF-702DEF7CEA52}"
EndProject
Global
	GlobalSection(SolutionConfigurationPlatforms) = preSolution
		Ad-Hoc|Any CPU = Ad-Hoc|Any CPU
		Ad-Hoc|iPhone = Ad-Hoc|iPhone
		Ad-Hoc|iPhoneSimulator = Ad-Hoc|iPhoneSimulator
		AppStore|Any CPU = AppStore|Any CPU
		AppStore|iPhone = AppStore|iPhone
		AppStore|iPhoneSimulator = AppStore|iPhoneSimulator
		Debug|Any CPU = Debug|Any CPU
		Debug|iPhone = Debug|iPhone
		Debug|iPhoneSimulator = Debug|iPhoneSimulator
		Release|Any CPU = Release|Any CPU
		Release|iPhone = Release|iPhone
		Release|iPhoneSimulator = Release|iPhoneSimulator
	EndGlobalSection
	GlobalSection(ProjectConfigurationPlatforms) = postSolution
		{FD4FB936-107C-4AE8-83AE-D021D51C9101}.Ad-Hoc|Any CPU.ActiveCfg = Release|Any CPU
		{FD4FB936-107C-4AE8-83AE-D021D51C9101}.Ad-Hoc|Any CPU.Build.0 = Release|Any CPU
		{FD4FB936-107C-4AE8-83AE-D021D51C9101}.Ad-Hoc|iPhone.ActiveCfg = Release|Any CPU
		{FD4FB936-107C-4AE8-83AE-D021D51C9101}.Ad-Hoc|iPhone.Build.0 = Release|Any CPU
		{FD4FB936-107C-4AE8-83AE-D021D51C9101}.Ad-Hoc|iPhoneSimulator.ActiveCfg = Release|Any CPU
		{FD4FB936-107C-4AE8-83AE-D021D51C9101}.Ad-Hoc|iPhoneSimulator.Build.0 = Release|Any CPU
		{FD4FB936-107C-4AE8-83AE-D021D51C9101}.AppStore|Any CPU.ActiveCfg = Release|Any CPU
		{FD4FB936-107C-4AE8-83AE-D021D51C9101}.AppStore|Any CPU.Build.0 = Release|Any CPU
		{FD4FB936-107C-4AE8-83AE-D021D51C9101}.AppStore|iPhone.ActiveCfg = Release|Any CPU
		{FD4FB936-107C-4AE8-83AE-D021D51C9101}.AppStore|iPhone.Build.0 = Release|Any CPU
		{FD4FB936-107C-4AE8-83AE-D021D51C9101}.AppStore|iPhoneSimulator.ActiveCfg = Release|Any CPU
		{FD4FB936-107C-4AE8-83AE-D021D51C9101}.AppStore|iPhoneSimulator.Build.0 = Release|Any CPU
		{FD4FB936-107C-4AE8-83AE-D021D51C9101}.Debug|Any CPU.ActiveCfg = Debug|Any CPU
		{FD4FB936-107C-4AE8-83AE-D021D51C9101}.Debug|Any CPU.Build.0 = Debug|Any CPU
		{FD4FB936-107C-4AE8-83AE-D021D51C9101}.Debug|iPhone.ActiveCfg = Debug|Any CPU
		{FD4FB936-107C-4AE8-83AE-D021D51C9101}.Debug|iPhone.Build.0 = Debug|Any CPU
		{FD4FB936-107C-4AE8-83AE-D021D51C9101}.Debug|iPhoneSimulator.ActiveCfg = Debug|Any CPU
		{FD4FB936-107C-4AE8-83AE-D021D51C9101}.Debug|iPhoneSimulator.Build.0 = Debug|Any CPU
		{FD4FB936-107C-4AE8-83AE-D021D51C9101}.Release|Any CPU.ActiveCfg = Release|Any CPU
		{FD4FB936-107C-4AE8-83AE-D021D51C9101}.Release|Any CPU.Build.0 = Release|Any CPU
		{FD4FB936-107C-4AE8-83AE-D021D51C9101}.Release|iPhone.ActiveCfg = Release|Any CPU
		{FD4FB936-107C-4AE8-83AE-D021D51C9101}.Release|iPhone.Build.0 = Release|Any CPU
		{FD4FB936-107C-4AE8-83AE-D021D51C9101}.Release|iPhoneSimulator.ActiveCfg = Release|Any CPU
		{FD4FB936-107C-4AE8-83AE-D021D51C9101}.Release|iPhoneSimulator.Build.0 = Release|Any CPU
		{CC1B8584-CA62-4CE2-B81F-8DFB3F55A33F}.Ad-Hoc|Any CPU.ActiveCfg = Release|Any CPU
		{CC1B8584-CA62-4CE2-B81F-8DFB3F55A33F}.Ad-Hoc|Any CPU.Build.0 = Release|Any CPU
		{CC1B8584-CA62-4CE2-B81F-8DFB3F55A33F}.Ad-Hoc|iPhone.ActiveCfg = Release|Any CPU
		{CC1B8584-CA62-4CE2-B81F-8DFB3F55A33F}.Ad-Hoc|iPhone.Build.0 = Release|Any CPU
		{CC1B8584-CA62-4CE2-B81F-8DFB3F55A33F}.Ad-Hoc|iPhoneSimulator.ActiveCfg = Release|Any CPU
		{CC1B8584-CA62-4CE2-B81F-8DFB3F55A33F}.Ad-Hoc|iPhoneSimulator.Build.0 = Release|Any CPU
		{CC1B8584-CA62-4CE2-B81F-8DFB3F55A33F}.AppStore|Any CPU.ActiveCfg = Release|Any CPU
		{CC1B8584-CA62-4CE2-B81F-8DFB3F55A33F}.AppStore|Any CPU.Build.0 = Release|Any CPU
		{CC1B8584-CA62-4CE2-B81F-8DFB3F55A33F}.AppStore|iPhone.ActiveCfg = Release|Any CPU
		{CC1B8584-CA62-4CE2-B81F-8DFB3F55A33F}.AppStore|iPhone.Build.0 = Release|Any CPU
		{CC1B8584-CA62-4CE2-B81F-8DFB3F55A33F}.AppStore|iPhoneSimulator.ActiveCfg = Release|Any CPU
		{CC1B8584-CA62-4CE2-B81F-8DFB3F55A33F}.AppStore|iPhoneSimulator.Build.0 = Release|Any CPU
		{CC1B8584-CA62-4CE2-B81F-8DFB3F55A33F}.Debug|Any CPU.ActiveCfg = Debug|Any CPU
		{CC1B8584-CA62-4CE2-B81F-8DFB3F55A33F}.Debug|Any CPU.Build.0 = Debug|Any CPU
		{CC1B8584-CA62-4CE2-B81F-8DFB3F55A33F}.Debug|iPhone.ActiveCfg = Debug|Any CPU
		{CC1B8584-CA62-4CE2-B81F-8DFB3F55A33F}.Debug|iPhone.Build.0 = Debug|Any CPU
		{CC1B8584-CA62-4CE2-B81F-8DFB3F55A33F}.Debug|iPhoneSimulator.ActiveCfg = Debug|Any CPU
		{CC1B8584-CA62-4CE2-B81F-8DFB3F55A33F}.Debug|iPhoneSimulator.Build.0 = Debug|Any CPU
		{CC1B8584-CA62-4CE2-B81F-8DFB3F55A33F}.Release|Any CPU.ActiveCfg = Release|Any CPU
		{CC1B8584-CA62-4CE2-B81F-8DFB3F55A33F}.Release|Any CPU.Build.0 = Release|Any CPU
		{CC1B8584-CA62-4CE2-B81F-8DFB3F55A33F}.Release|iPhone.ActiveCfg = Release|Any CPU
		{CC1B8584-CA62-4CE2-B81F-8DFB3F55A33F}.Release|iPhone.Build.0 = Release|Any CPU
		{CC1B8584-CA62-4CE2-B81F-8DFB3F55A33F}.Release|iPhoneSimulator.ActiveCfg = Release|Any CPU
		{CC1B8584-CA62-4CE2-B81F-8DFB3F55A33F}.Release|iPhoneSimulator.Build.0 = Release|Any CPU
		{03DC3CDF-8BB9-4584-899B-E3419DC082FA}.Ad-Hoc|Any CPU.ActiveCfg = Debug|Any CPU
		{03DC3CDF-8BB9-4584-899B-E3419DC082FA}.Ad-Hoc|Any CPU.Build.0 = Debug|Any CPU
		{03DC3CDF-8BB9-4584-899B-E3419DC082FA}.Ad-Hoc|iPhone.ActiveCfg = Debug|Any CPU
		{03DC3CDF-8BB9-4584-899B-E3419DC082FA}.Ad-Hoc|iPhone.Build.0 = Debug|Any CPU
		{03DC3CDF-8BB9-4584-899B-E3419DC082FA}.Ad-Hoc|iPhoneSimulator.ActiveCfg = Debug|Any CPU
		{03DC3CDF-8BB9-4584-899B-E3419DC082FA}.Ad-Hoc|iPhoneSimulator.Build.0 = Debug|Any CPU
		{03DC3CDF-8BB9-4584-899B-E3419DC082FA}.AppStore|Any CPU.ActiveCfg = Debug|Any CPU
		{03DC3CDF-8BB9-4584-899B-E3419DC082FA}.AppStore|Any CPU.Build.0 = Debug|Any CPU
		{03DC3CDF-8BB9-4584-899B-E3419DC082FA}.AppStore|iPhone.ActiveCfg = Debug|Any CPU
		{03DC3CDF-8BB9-4584-899B-E3419DC082FA}.AppStore|iPhone.Build.0 = Debug|Any CPU
		{03DC3CDF-8BB9-4584-899B-E3419DC082FA}.AppStore|iPhoneSimulator.ActiveCfg = Debug|Any CPU
		{03DC3CDF-8BB9-4584-899B-E3419DC082FA}.AppStore|iPhoneSimulator.Build.0 = Debug|Any CPU
		{03DC3CDF-8BB9-4584-899B-E3419DC082FA}.Debug|Any CPU.ActiveCfg = Debug|Any CPU
		{03DC3CDF-8BB9-4584-899B-E3419DC082FA}.Debug|Any CPU.Build.0 = Debug|Any CPU
		{03DC3CDF-8BB9-4584-899B-E3419DC082FA}.Debug|iPhone.ActiveCfg = Debug|Any CPU
		{03DC3CDF-8BB9-4584-899B-E3419DC082FA}.Debug|iPhone.Build.0 = Debug|Any CPU
		{03DC3CDF-8BB9-4584-899B-E3419DC082FA}.Debug|iPhoneSimulator.ActiveCfg = Debug|Any CPU
		{03DC3CDF-8BB9-4584-899B-E3419DC082FA}.Debug|iPhoneSimulator.Build.0 = Debug|Any CPU
		{03DC3CDF-8BB9-4584-899B-E3419DC082FA}.Release|Any CPU.ActiveCfg = Release|Any CPU
		{03DC3CDF-8BB9-4584-899B-E3419DC082FA}.Release|Any CPU.Build.0 = Release|Any CPU
		{03DC3CDF-8BB9-4584-899B-E3419DC082FA}.Release|iPhone.ActiveCfg = Release|Any CPU
		{03DC3CDF-8BB9-4584-899B-E3419DC082FA}.Release|iPhone.Build.0 = Release|Any CPU
		{03DC3CDF-8BB9-4584-899B-E3419DC082FA}.Release|iPhoneSimulator.ActiveCfg = Release|Any CPU
		{03DC3CDF-8BB9-4584-899B-E3419DC082FA}.Release|iPhoneSimulator.Build.0 = Release|Any CPU
		{08EC8942-4ABA-45D7-8573-819D11611DF0}.Ad-Hoc|Any CPU.ActiveCfg = Release|Any CPU
		{08EC8942-4ABA-45D7-8573-819D11611DF0}.Ad-Hoc|Any CPU.Build.0 = Release|Any CPU
		{08EC8942-4ABA-45D7-8573-819D11611DF0}.Ad-Hoc|Any CPU.Deploy.0 = Release|Any CPU
		{08EC8942-4ABA-45D7-8573-819D11611DF0}.Ad-Hoc|iPhone.ActiveCfg = Release|Any CPU
		{08EC8942-4ABA-45D7-8573-819D11611DF0}.Ad-Hoc|iPhone.Build.0 = Release|Any CPU
		{08EC8942-4ABA-45D7-8573-819D11611DF0}.Ad-Hoc|iPhone.Deploy.0 = Release|Any CPU
		{08EC8942-4ABA-45D7-8573-819D11611DF0}.Ad-Hoc|iPhoneSimulator.ActiveCfg = Release|Any CPU
		{08EC8942-4ABA-45D7-8573-819D11611DF0}.Ad-Hoc|iPhoneSimulator.Build.0 = Release|Any CPU
		{08EC8942-4ABA-45D7-8573-819D11611DF0}.Ad-Hoc|iPhoneSimulator.Deploy.0 = Release|Any CPU
		{08EC8942-4ABA-45D7-8573-819D11611DF0}.AppStore|Any CPU.ActiveCfg = Release|Any CPU
		{08EC8942-4ABA-45D7-8573-819D11611DF0}.AppStore|Any CPU.Build.0 = Release|Any CPU
		{08EC8942-4ABA-45D7-8573-819D11611DF0}.AppStore|Any CPU.Deploy.0 = Release|Any CPU
		{08EC8942-4ABA-45D7-8573-819D11611DF0}.AppStore|iPhone.ActiveCfg = Release|Any CPU
		{08EC8942-4ABA-45D7-8573-819D11611DF0}.AppStore|iPhone.Build.0 = Release|Any CPU
		{08EC8942-4ABA-45D7-8573-819D11611DF0}.AppStore|iPhone.Deploy.0 = Release|Any CPU
		{08EC8942-4ABA-45D7-8573-819D11611DF0}.AppStore|iPhoneSimulator.ActiveCfg = Release|Any CPU
		{08EC8942-4ABA-45D7-8573-819D11611DF0}.AppStore|iPhoneSimulator.Build.0 = Release|Any CPU
		{08EC8942-4ABA-45D7-8573-819D11611DF0}.AppStore|iPhoneSimulator.Deploy.0 = Release|Any CPU
		{08EC8942-4ABA-45D7-8573-819D11611DF0}.Debug|Any CPU.ActiveCfg = Debug|Any CPU
		{08EC8942-4ABA-45D7-8573-819D11611DF0}.Debug|Any CPU.Build.0 = Debug|Any CPU
		{08EC8942-4ABA-45D7-8573-819D11611DF0}.Debug|Any CPU.Deploy.0 = Debug|Any CPU
		{08EC8942-4ABA-45D7-8573-819D11611DF0}.Debug|iPhone.ActiveCfg = Debug|Any CPU
		{08EC8942-4ABA-45D7-8573-819D11611DF0}.Debug|iPhone.Build.0 = Debug|Any CPU
		{08EC8942-4ABA-45D7-8573-819D11611DF0}.Debug|iPhone.Deploy.0 = Debug|Any CPU
		{08EC8942-4ABA-45D7-8573-819D11611DF0}.Debug|iPhoneSimulator.ActiveCfg = Debug|Any CPU
		{08EC8942-4ABA-45D7-8573-819D11611DF0}.Debug|iPhoneSimulator.Build.0 = Debug|Any CPU
		{08EC8942-4ABA-45D7-8573-819D11611DF0}.Debug|iPhoneSimulator.Deploy.0 = Debug|Any CPU
		{08EC8942-4ABA-45D7-8573-819D11611DF0}.Release|Any CPU.ActiveCfg = Release|Any CPU
		{08EC8942-4ABA-45D7-8573-819D11611DF0}.Release|Any CPU.Build.0 = Release|Any CPU
		{08EC8942-4ABA-45D7-8573-819D11611DF0}.Release|Any CPU.Deploy.0 = Release|Any CPU
		{08EC8942-4ABA-45D7-8573-819D11611DF0}.Release|iPhone.ActiveCfg = Release|Any CPU
		{08EC8942-4ABA-45D7-8573-819D11611DF0}.Release|iPhone.Build.0 = Release|Any CPU
		{08EC8942-4ABA-45D7-8573-819D11611DF0}.Release|iPhone.Deploy.0 = Release|Any CPU
		{08EC8942-4ABA-45D7-8573-819D11611DF0}.Release|iPhoneSimulator.ActiveCfg = Release|Any CPU
		{08EC8942-4ABA-45D7-8573-819D11611DF0}.Release|iPhoneSimulator.Build.0 = Release|Any CPU
		{08EC8942-4ABA-45D7-8573-819D11611DF0}.Release|iPhoneSimulator.Deploy.0 = Release|Any CPU
		{016EC9F6-1931-4D4D-86DC-78D30DEC404F}.Ad-Hoc|Any CPU.ActiveCfg = Ad-Hoc|iPhone
		{016EC9F6-1931-4D4D-86DC-78D30DEC404F}.Ad-Hoc|iPhone.ActiveCfg = Ad-Hoc|iPhone
		{016EC9F6-1931-4D4D-86DC-78D30DEC404F}.Ad-Hoc|iPhone.Build.0 = Ad-Hoc|iPhone
		{016EC9F6-1931-4D4D-86DC-78D30DEC404F}.Ad-Hoc|iPhoneSimulator.ActiveCfg = Ad-Hoc|iPhoneSimulator
		{016EC9F6-1931-4D4D-86DC-78D30DEC404F}.Ad-Hoc|iPhoneSimulator.Build.0 = Ad-Hoc|iPhoneSimulator
		{016EC9F6-1931-4D4D-86DC-78D30DEC404F}.AppStore|Any CPU.ActiveCfg = AppStore|iPhone
		{016EC9F6-1931-4D4D-86DC-78D30DEC404F}.AppStore|iPhone.ActiveCfg = AppStore|iPhone
		{016EC9F6-1931-4D4D-86DC-78D30DEC404F}.AppStore|iPhone.Build.0 = AppStore|iPhone
		{016EC9F6-1931-4D4D-86DC-78D30DEC404F}.AppStore|iPhoneSimulator.ActiveCfg = AppStore|iPhoneSimulator
		{016EC9F6-1931-4D4D-86DC-78D30DEC404F}.AppStore|iPhoneSimulator.Build.0 = AppStore|iPhoneSimulator
		{016EC9F6-1931-4D4D-86DC-78D30DEC404F}.Debug|Any CPU.ActiveCfg = Debug|iPhone
		{016EC9F6-1931-4D4D-86DC-78D30DEC404F}.Debug|iPhone.ActiveCfg = Debug|iPhone
		{016EC9F6-1931-4D4D-86DC-78D30DEC404F}.Debug|iPhone.Build.0 = Debug|iPhone
		{016EC9F6-1931-4D4D-86DC-78D30DEC404F}.Debug|iPhoneSimulator.ActiveCfg = Debug|iPhoneSimulator
		{016EC9F6-1931-4D4D-86DC-78D30DEC404F}.Debug|iPhoneSimulator.Build.0 = Debug|iPhoneSimulator
		{016EC9F6-1931-4D4D-86DC-78D30DEC404F}.Release|Any CPU.ActiveCfg = Release|iPhone
		{016EC9F6-1931-4D4D-86DC-78D30DEC404F}.Release|iPhone.ActiveCfg = Release|iPhone
		{016EC9F6-1931-4D4D-86DC-78D30DEC404F}.Release|iPhone.Build.0 = Release|iPhone
		{016EC9F6-1931-4D4D-86DC-78D30DEC404F}.Release|iPhoneSimulator.ActiveCfg = Release|iPhoneSimulator
		{016EC9F6-1931-4D4D-86DC-78D30DEC404F}.Release|iPhoneSimulator.Build.0 = Release|iPhoneSimulator
		{077284D6-46B9-4BEE-83DF-702DEF7CEA52}.Ad-Hoc|Any CPU.ActiveCfg = Release|Any CPU
		{077284D6-46B9-4BEE-83DF-702DEF7CEA52}.Ad-Hoc|Any CPU.Build.0 = Release|Any CPU
		{077284D6-46B9-4BEE-83DF-702DEF7CEA52}.Ad-Hoc|iPhone.ActiveCfg = Release|Any CPU
		{077284D6-46B9-4BEE-83DF-702DEF7CEA52}.Ad-Hoc|iPhone.Build.0 = Release|Any CPU
		{077284D6-46B9-4BEE-83DF-702DEF7CEA52}.Ad-Hoc|iPhoneSimulator.ActiveCfg = Release|Any CPU
		{077284D6-46B9-4BEE-83DF-702DEF7CEA52}.Ad-Hoc|iPhoneSimulator.Build.0 = Release|Any CPU
		{077284D6-46B9-4BEE-83DF-702DEF7CEA52}.AppStore|Any CPU.ActiveCfg = Release|Any CPU
		{077284D6-46B9-4BEE-83DF-702DEF7CEA52}.AppStore|Any CPU.Build.0 = Release|Any CPU
		{077284D6-46B9-4BEE-83DF-702DEF7CEA52}.AppStore|iPhone.ActiveCfg = Release|Any CPU
		{077284D6-46B9-4BEE-83DF-702DEF7CEA52}.AppStore|iPhone.Build.0 = Release|Any CPU
		{077284D6-46B9-4BEE-83DF-702DEF7CEA52}.AppStore|iPhoneSimulator.ActiveCfg = Release|Any CPU
		{077284D6-46B9-4BEE-83DF-702DEF7CEA52}.AppStore|iPhoneSimulator.Build.0 = Release|Any CPU
		{077284D6-46B9-4BEE-83DF-702DEF7CEA52}.Debug|Any CPU.ActiveCfg = Debug|Any CPU
		{077284D6-46B9-4BEE-83DF-702DEF7CEA52}.Debug|Any CPU.Build.0 = Debug|Any CPU
		{077284D6-46B9-4BEE-83DF-702DEF7CEA52}.Debug|iPhone.ActiveCfg = Debug|Any CPU
		{077284D6-46B9-4BEE-83DF-702DEF7CEA52}.Debug|iPhone.Build.0 = Debug|Any CPU
		{077284D6-46B9-4BEE-83DF-702DEF7CEA52}.Debug|iPhoneSimulator.ActiveCfg = Debug|Any CPU
		{077284D6-46B9-4BEE-83DF-702DEF7CEA52}.Debug|iPhoneSimulator.Build.0 = Debug|Any CPU
		{077284D6-46B9-4BEE-83DF-702DEF7CEA52}.Release|Any CPU.ActiveCfg = Release|Any CPU
		{077284D6-46B9-4BEE-83DF-702DEF7CEA52}.Release|Any CPU.Build.0 = Release|Any CPU
		{077284D6-46B9-4BEE-83DF-702DEF7CEA52}.Release|iPhone.ActiveCfg = Release|Any CPU
		{077284D6-46B9-4BEE-83DF-702DEF7CEA52}.Release|iPhone.Build.0 = Release|Any CPU
		{077284D6-46B9-4BEE-83DF-702DEF7CEA52}.Release|iPhoneSimulator.ActiveCfg = Release|Any CPU
		{077284D6-46B9-4BEE-83DF-702DEF7CEA52}.Release|iPhoneSimulator.Build.0 = Release|Any CPU
	EndGlobalSection
	GlobalSection(SolutionProperties) = preSolution
		HideSolutionNode = FALSE
	EndGlobalSection
	GlobalSection(ExtensibilityGlobals) = postSolution
		SolutionGuid = {5ACD0E14-F167-47DC-9820-D8C043CCAD42}
	EndGlobalSection
EndGlobal
