
Microsoft Visual Studio Solution File, Format Version 12.00
# Visual Studio Version 16
VisualStudioVersion = 16.0.29230.47
MinimumVisualStudioVersion = 10.0.40219.1
Project("{FAE04EC0-301F-11D3-BF4B-00C04F79EFBC}") = "MyLeassing.Common", "MyLeassing.Common\MyLeassing.Common.csproj", "{FD4FB936-107C-4AE8-83AE-D021D51C9101}"
EndProject
Project("{FAE04EC0-301F-11D3-BF4B-00C04F79EFBC}") = "MyLeassing.Web", "MyLeassing.Web\MyLeassing.Web.csproj", "{CC1B8584-CA62-4CE2-B81F-8DFB3F55A33F}"
EndProject
Global
	GlobalSection(SolutionConfigurationPlatforms) = preSolution
		Debug|Any CPU = Debug|Any CPU
		Release|Any CPU = Release|Any CPU
	EndGlobalSection
	GlobalSection(ProjectConfigurationPlatforms) = postSolution
		{FD4FB936-107C-4AE8-83AE-D021D51C9101}.Debug|Any CPU.ActiveCfg = Debug|Any CPU
		{FD4FB936-107C-4AE8-83AE-D021D51C9101}.Debug|Any CPU.Build.0 = Debug|Any CPU
		{FD4FB936-107C-4AE8-83AE-D021D51C9101}.Release|Any CPU.ActiveCfg = Release|Any CPU
		{FD4FB936-107C-4AE8-83AE-D021D51C9101}.Release|Any CPU.Build.0 = Release|Any CPU
		{CC1B8584-CA62-4CE2-B81F-8DFB3F55A33F}.Debug|Any CPU.ActiveCfg = Debug|Any CPU
		{CC1B8584-CA62-4CE2-B81F-8DFB3F55A33F}.Debug|Any CPU.Build.0 = Debug|Any CPU
		{CC1B8584-CA62-4CE2-B81F-8DFB3F55A33F}.Release|Any CPU.ActiveCfg = Release|Any CPU
		{CC1B8584-CA62-4CE2-B81F-8DFB3F55A33F}.Release|Any CPU.Build.0 = Release|Any CPU
	EndGlobalSection
	GlobalSection(SolutionProperties) = preSolution
		HideSolutionNode = FALSE
	EndGlobalSection
	GlobalSection(ExtensibilityGlobals) = postSolution
		SolutionGuid = {5ACD0E14-F167-47DC-9820-D8C043CCAD42}
	EndGlobalSection
EndGlobal
